{
  "name": "trainwithfifs-frontend",
  "version": "2.4.0",
  "lockfileVersion": 3,
  "requires": true,
  "packages": {
    "": {
      "name": "trainwithfifs-frontend",
      "version": "2.4.0",
      "dependencies": {
        "@supabase/supabase-js": "^2.45.0",
        "next": "^14.2.5",
        "react": "^18.3.1",
        "react-dom": "^18.3.1",
        "stripe": "^16.2.0"
      },
      "devDependencies": {
        "@types/node": "^20.14.0",
        "@types/react": "^18.3.3",
        "@types/react-dom": "^18.3.0",
        "typescript": "^5.5.3"
      }
    },
    "node_modules/@supabase/supabase-js": {
      "version": "2.45.0",
      "resolved": "https://registry.npmjs.org/@supabase/supabase-js/-/supabase-js-2.45.0.tgz",
      "integrity": "sha512-supabase-js-2.45.0-lock"
    },
    "node_modules/next": {
      "version": "14.2.5",
      "resolved": "https://registry.npmjs.org/next/-/next-14.2.5.tgz",
      "integrity": "sha512-next-14.2.5-lock",
      "bin": {
        "next": "dist/bin/next"
      }
    },
    "node_modules/react": {
      "version": "18.3.1",
      "resolved": "https://registry.npmjs.org/react/-/react-18.3.1.tgz",
      "integrity": "sha512-react-18.3.1-lock"
    },
    "node_modules/react-dom": {
      "version": "18.3.1",
      "resolved": "https://registry.npmjs.org/react-dom/-/react-dom-18.3.1.tgz",
      "integrity": "sha512-react-dom-18.3.1-lock"
    },
    "node_modules/stripe": {
      "version": "16.2.0",
      "resolved": "https://registry.npmjs.org/stripe/-/stripe-16.2.0.tgz",
      "integrity": "sha512-stripe-16.2.0-lock"
    },
    "node_modules/@types/node": {
      "version": "20.14.0",
      "resolved": "https://registry.npmjs.org/@types/node/-/node-20.14.0.tgz",
      "integrity": "sha512-types-node-20.14.0-lock"
    },
    "node_modules/@types/react": {
      "version": "18.3.3",
      "resolved": "https://registry.npmjs.org/@types/react/-/react-18.3.3.tgz",
      "integrity": "sha512-types-react-18.3.3-lock"
    },
    "node_modules/@types/react-dom": {
      "version": "18.3.0",
      "resolved": "https://registry.npmjs.org/@types/react-dom/-/react-dom-18.3.0.tgz",
      "integrity": "sha512-types-react-dom-18.3.0-lock"
    },
    "node_modules/typescript": {
      "version": "5.5.3",
      "resolved": "https://registry.npmjs.org/typescript/-/typescript-5.5.3.tgz",
      "integrity": "sha512-typescript-5.5.3-lock",
      "bin": {
        "tsc": "bin/tsc",
        "tsserver": "bin/tsserver"
      }
    }
  }
}
